{
  "name": "3dgs-ply-3dtiles-converter",
  "version": "0.1.6",
  "lockfileVersion": 3,
  "requires": true,
  "packages": {
    "": {
      "name": "3dgs-ply-3dtiles-converter",
      "version": "0.1.6",
      "license": "Apache-2.0",
      "dependencies": {
        "3dtiles-inspector": "^0.1.2"
      },
      "bin": {
        "3dgs-ply-3dtiles-converter": "bin/3dgs-ply-3dtiles-converter.js"
      },
      "engines": {
        "node": ">=14.14.0"
      }
    },
    "node_modules/3dtiles-inspector": {
      "version": "0.1.2",
      "resolved": "https://registry.npmjs.org/3dtiles-inspector/-/3dtiles-inspector-0.1.2.tgz",
      "integrity": "sha512-j8VTYU1k3irNua5AQOBnJw45NoTzJcLJ1tUjnJ+ZdvWIoSelnOzLwyGn8SiE2A8XmwwQucPNNQgfeoQ2P4xjDw==",
      "license": "Apache-2.0",
      "bin": {
        "3dtiles-inspector": "bin/3dtiles-inspector.js"
      },
      "engines": {
        "node": ">=18.0.0"
      }
    }
  }
}
