{
  "name": "3dgs-ply-3dtiles-converter",
  "version": "0.3.3",
  "lockfileVersion": 3,
  "requires": true,
  "packages": {
    "": {
      "name": "3dgs-ply-3dtiles-converter",
      "version": "0.3.3",
      "license": "Apache-2.0",
      "dependencies": {
        "3dtiles-inspector": "^0.1.4"
      },
      "bin": {
        "3dgs-ply-3dtiles-converter": "bin/3dgs-ply-3dtiles-converter.js"
      },
      "engines": {
        "node": ">=14.14.0"
      }
    },
    "node_modules/3dtiles-inspector": {
      "version": "0.1.4",
      "resolved": "https://registry.npmjs.org/3dtiles-inspector/-/3dtiles-inspector-0.1.4.tgz",
      "integrity": "sha512-UP2my61lzFznp49vrA2Nu/tvWxbNNbA3cjBFCOBVDDz7hQwga0HS6U9HuS7Q+n+nSh7x1AQiblsGz2eEusD0Pg==",
      "license": "Apache-2.0",
      "bin": {
        "3dtiles-inspector": "bin/3dtiles-inspector.js"
      },
      "engines": {
        "node": ">=18.0.0"
      }
    }
  }
}
